
Microsoft Visual Studio Solution File, Format Version 12.00
# Visual Studio Version 17
VisualStudioVersion = 17.5.33530.505
MinimumVisualStudioVersion = 10.0.40219.1
Project("{FAE04EC0-301F-11D3-BF4B-00C04F79EFBC}") = "Store_PL", "Store_PL.csproj", "{6B9B9F09-6A03-498B-B876-8A5E54810139}"
EndProject
Project("{FAE04EC0-301F-11D3-BF4B-00C04F79EFBC}") = "BL", "..\BL\BL.csproj", "{0687420C-EBE3-4E49-96FD-6D56F3D72E77}"
EndProject
Project("{FAE04EC0-301F-11D3-BF4B-00C04F79EFBC}") = "DAL", "..\DAL\DAL.csproj", "{D15CB72E-849C-428F-B423-AB400AAC4981}"
EndProject
Global
	GlobalSection(SolutionConfigurationPlatforms) = preSolution
		Debug|Any CPU = Debug|Any CPU
		Release|Any CPU = Release|Any CPU
	EndGlobalSection
	GlobalSection(ProjectConfigurationPlatforms) = postSolution
		{6B9B9F09-6A03-498B-B876-8A5E54810139}.Debug|Any CPU.ActiveCfg = Debug|Any CPU
		{6B9B9F09-6A03-498B-B876-8A5E54810139}.Debug|Any CPU.Build.0 = Debug|Any CPU
		{6B9B9F09-6A03-498B-B876-8A5E54810139}.Release|Any CPU.ActiveCfg = Release|Any CPU
		{6B9B9F09-6A03-498B-B876-8A5E54810139}.Release|Any CPU.Build.0 = Release|Any CPU
		{0687420C-EBE3-4E49-96FD-6D56F3D72E77}.Debug|Any CPU.ActiveCfg = Debug|Any CPU
		{0687420C-EBE3-4E49-96FD-6D56F3D72E77}.Debug|Any CPU.Build.0 = Debug|Any CPU
		{0687420C-EBE3-4E49-96FD-6D56F3D72E77}.Release|Any CPU.ActiveCfg = Release|Any CPU
		{0687420C-EBE3-4E49-96FD-6D56F3D72E77}.Release|Any CPU.Build.0 = Release|Any CPU
		{D15CB72E-849C-428F-B423-AB400AAC4981}.Debug|Any CPU.ActiveCfg = Debug|Any CPU
		{D15CB72E-849C-428F-B423-AB400AAC4981}.Debug|Any CPU.Build.0 = Debug|Any CPU
		{D15CB72E-849C-428F-B423-AB400AAC4981}.Release|Any CPU.ActiveCfg = Release|Any CPU
		{D15CB72E-849C-428F-B423-AB400AAC4981}.Release|Any CPU.Build.0 = Release|Any CPU
	EndGlobalSection
	GlobalSection(SolutionProperties) = preSolution
		HideSolutionNode = FALSE
	EndGlobalSection
	GlobalSection(ExtensibilityGlobals) = postSolution
		SolutionGuid = {AE8FF781-E51C-4E0C-B9EF-359A0CD880B6}
	EndGlobalSection
EndGlobal
